{
  "name": "ma-thesis-codes",
  "lockfileVersion": 3,
  "requires": true,
  "packages": {
    "": {
      "dependencies": {
        "@hokyjack/jupyterlab-monokai-plus": "^0.1.4"
      }
    },
    "node_modules/@hokyjack/jupyterlab-monokai-plus": {
      "version": "0.1.4",
      "resolved": "https://registry.npmjs.org/@hokyjack/jupyterlab-monokai-plus/-/jupyterlab-monokai-plus-0.1.4.tgz",
      "integrity": "sha512-fh2BAq41X09ARbYHa+OoxSawQHCb/HjHYgyfOGQ5rdbLMwDG/nIHJpu/BOppvBrL22UUwAn/A6j3q3h+ZrxAsw==",
      "license": "BSD-3-Clause"
    }
  }
}
